
Microsoft Visual Studio Solution File, Format Version 12.00
# Visual Studio Version 16
VisualStudioVersion = 16.0.29806.167
MinimumVisualStudioVersion = 10.0.40219.1
Project("{FAE04EC0-301F-11D3-BF4B-00C04F79EFBC}") = "Prg_17", "Prg_17\Prg_17.csproj", "{302E43E2-F118-40FB-AB34-866BEB1ACABB}"
EndProject
Global
	GlobalSection(SolutionConfigurationPlatforms) = preSolution
		Debug|Any CPU = Debug|Any CPU
		Release|Any CPU = Release|Any CPU
	EndGlobalSection
	GlobalSection(ProjectConfigurationPlatforms) = postSolution
		{302E43E2-F118-40FB-AB34-866BEB1ACABB}.Debug|Any CPU.ActiveCfg = Debug|Any CPU
		{302E43E2-F118-40FB-AB34-866BEB1ACABB}.Debug|Any CPU.Build.0 = Debug|Any CPU
		{302E43E2-F118-40FB-AB34-866BEB1ACABB}.Release|Any CPU.ActiveCfg = Release|Any CPU
		{302E43E2-F118-40FB-AB34-866BEB1ACABB}.Release|Any CPU.Build.0 = Release|Any CPU
	EndGlobalSection
	GlobalSection(SolutionProperties) = preSolution
		HideSolutionNode = FALSE
	EndGlobalSection
	GlobalSection(ExtensibilityGlobals) = postSolution
		SolutionGuid = {1C9682F2-6EDC-4E05-B381-F2DEF7342CF6}
	EndGlobalSection
EndGlobal
